
Microsoft Visual Studio Solution File, Format Version 12.00
# Visual Studio Version 16
VisualStudioVersion = 16.0.30320.27
MinimumVisualStudioVersion = 10.0.40219.1
Project("{9A19103F-16F7-4668-BE54-9A1E7A4F7556}") = "Snakes_Client", "Snakes_Client.csproj", "{18F00539-06BA-4F2E-8020-1D25A4D41643}"
EndProject
Project("{FAE04EC0-301F-11D3-BF4B-00C04F79EFBC}") = "Snakes_Server", "..\Snakes_Server\Snakes_Server.csproj", "{89D36082-245F-4DA4-9A8D-7BE48F369C92}"
EndProject
Project("{FAE04EC0-301F-11D3-BF4B-00C04F79EFBC}") = "NetCom", "..\NetCom\NetCom.csproj", "{0D508B94-C041-4614-8A56-C636916DFC25}"
EndProject
Global
	GlobalSection(SolutionConfigurationPlatforms) = preSolution
		Debug|Any CPU = Debug|Any CPU
		Release|Any CPU = Release|Any CPU
	EndGlobalSection
	GlobalSection(ProjectConfigurationPlatforms) = postSolution
		{18F00539-06BA-4F2E-8020-1D25A4D41643}.Debug|Any CPU.ActiveCfg = Debug|Any CPU
		{18F00539-06BA-4F2E-8020-1D25A4D41643}.Debug|Any CPU.Build.0 = Debug|Any CPU
		{18F00539-06BA-4F2E-8020-1D25A4D41643}.Release|Any CPU.ActiveCfg = Release|Any CPU
		{18F00539-06BA-4F2E-8020-1D25A4D41643}.Release|Any CPU.Build.0 = Release|Any CPU
		{89D36082-245F-4DA4-9A8D-7BE48F369C92}.Debug|Any CPU.ActiveCfg = Debug|Any CPU
		{89D36082-245F-4DA4-9A8D-7BE48F369C92}.Debug|Any CPU.Build.0 = Debug|Any CPU
		{89D36082-245F-4DA4-9A8D-7BE48F369C92}.Release|Any CPU.ActiveCfg = Release|Any CPU
		{89D36082-245F-4DA4-9A8D-7BE48F369C92}.Release|Any CPU.Build.0 = Release|Any CPU
		{0D508B94-C041-4614-8A56-C636916DFC25}.Debug|Any CPU.ActiveCfg = Debug|Any CPU
		{0D508B94-C041-4614-8A56-C636916DFC25}.Debug|Any CPU.Build.0 = Debug|Any CPU
		{0D508B94-C041-4614-8A56-C636916DFC25}.Release|Any CPU.ActiveCfg = Release|Any CPU
		{0D508B94-C041-4614-8A56-C636916DFC25}.Release|Any CPU.Build.0 = Release|Any CPU
	EndGlobalSection
	GlobalSection(SolutionProperties) = preSolution
		HideSolutionNode = FALSE
	EndGlobalSection
	GlobalSection(ExtensibilityGlobals) = postSolution
		SolutionGuid = {3527A154-ED29-4C16-A0AD-8D35DCFE328B}
	EndGlobalSection
EndGlobal
